
Microsoft Visual Studio Solution File, Format Version 12.00
# Visual Studio 2013
VisualStudioVersion = 12.0.21005.1
MinimumVisualStudioVersion = 10.0.40219.1
Project("{FAE04EC0-301F-11D3-BF4B-00C04F79EFBC}") = "IvleLapiPortableClient", "IvleLapiPortableClient\IvleLapiPortableClient.csproj", "{207C6791-42C2-4CCE-AA7B-24189A67D492}"
EndProject
Project("{FAE04EC0-301F-11D3-BF4B-00C04F79EFBC}") = "IvleLapiPortableClientTests", "IvleLapiPortableClientTests\IvleLapiPortableClientTests.csproj", "{EA365F8A-881F-4663-B19C-B1F06E1A314E}"
EndProject
Global
	GlobalSection(SolutionConfigurationPlatforms) = preSolution
		Debug|Any CPU = Debug|Any CPU
		Release|Any CPU = Release|Any CPU
	EndGlobalSection
	GlobalSection(ProjectConfigurationPlatforms) = postSolution
		{207C6791-42C2-4CCE-AA7B-24189A67D492}.Debug|Any CPU.ActiveCfg = Debug|Any CPU
		{207C6791-42C2-4CCE-AA7B-24189A67D492}.Debug|Any CPU.Build.0 = Debug|Any CPU
		{207C6791-42C2-4CCE-AA7B-24189A67D492}.Release|Any CPU.ActiveCfg = Release|Any CPU
		{207C6791-42C2-4CCE-AA7B-24189A67D492}.Release|Any CPU.Build.0 = Release|Any CPU
		{EA365F8A-881F-4663-B19C-B1F06E1A314E}.Debug|Any CPU.ActiveCfg = Debug|Any CPU
		{EA365F8A-881F-4663-B19C-B1F06E1A314E}.Debug|Any CPU.Build.0 = Debug|Any CPU
		{EA365F8A-881F-4663-B19C-B1F06E1A314E}.Release|Any CPU.ActiveCfg = Release|Any CPU
		{EA365F8A-881F-4663-B19C-B1F06E1A314E}.Release|Any CPU.Build.0 = Release|Any CPU
	EndGlobalSection
	GlobalSection(SolutionProperties) = preSolution
		HideSolutionNode = FALSE
	EndGlobalSection
EndGlobal
